
Microsoft Visual Studio Solution File, Format Version 12.00
# Visual Studio Version 16
VisualStudioVersion = 16.0.30225.117
MinimumVisualStudioVersion = 10.0.40219.1
Project("{9A19103F-16F7-4668-BE54-9A1E7A4F7556}") = "ModifyTaste", "ModifyTaste.csproj", "{B336B5BC-FB6B-4E6F-A574-79DF9C96D69F}"
EndProject
Global
	GlobalSection(SolutionConfigurationPlatforms) = preSolution
		Debug|Any CPU = Debug|Any CPU
		Release|Any CPU = Release|Any CPU
	EndGlobalSection
	GlobalSection(ProjectConfigurationPlatforms) = postSolution
		{B336B5BC-FB6B-4E6F-A574-79DF9C96D69F}.Debug|Any CPU.ActiveCfg = Debug|Any CPU
		{B336B5BC-FB6B-4E6F-A574-79DF9C96D69F}.Debug|Any CPU.Build.0 = Debug|Any CPU
		{B336B5BC-FB6B-4E6F-A574-79DF9C96D69F}.Release|Any CPU.ActiveCfg = Release|Any CPU
		{B336B5BC-FB6B-4E6F-A574-79DF9C96D69F}.Release|Any CPU.Build.0 = Release|Any CPU
	EndGlobalSection
	GlobalSection(SolutionProperties) = preSolution
		HideSolutionNode = FALSE
	EndGlobalSection
	GlobalSection(ExtensibilityGlobals) = postSolution
		SolutionGuid = {472C6838-40FF-4428-AF53-584B64C9D76C}
	EndGlobalSection
EndGlobal
